
Microsoft Visual Studio Solution File, Format Version 12.00
# Visual Studio 15
VisualStudioVersion = 15.0.26730.16
MinimumVisualStudioVersion = 10.0.40219.1
Project("{FAE04EC0-301F-11D3-BF4B-00C04F79EFBC}") = "SimpleUtils", "SimpleUtils\SimpleUtils.csproj", "{9BBB47FC-3B57-4BDC-A255-2B5984D6110F}"
EndProject
Global
	GlobalSection(SolutionConfigurationPlatforms) = preSolution
		Debug|Any CPU = Debug|Any CPU
		Release|Any CPU = Release|Any CPU
	EndGlobalSection
	GlobalSection(ProjectConfigurationPlatforms) = postSolution
		{9BBB47FC-3B57-4BDC-A255-2B5984D6110F}.Debug|Any CPU.ActiveCfg = Debug|Any CPU
		{9BBB47FC-3B57-4BDC-A255-2B5984D6110F}.Debug|Any CPU.Build.0 = Debug|Any CPU
		{9BBB47FC-3B57-4BDC-A255-2B5984D6110F}.Release|Any CPU.ActiveCfg = Release|Any CPU
		{9BBB47FC-3B57-4BDC-A255-2B5984D6110F}.Release|Any CPU.Build.0 = Release|Any CPU
	EndGlobalSection
	GlobalSection(SolutionProperties) = preSolution
		HideSolutionNode = FALSE
	EndGlobalSection
	GlobalSection(ExtensibilityGlobals) = postSolution
		SolutionGuid = {2B649E2E-5C2D-4E13-94E9-763E5DB0F6FD}
	EndGlobalSection
EndGlobal
